
Microsoft Visual Studio Solution File, Format Version 12.00
# Visual Studio Version 17
VisualStudioVersion = 17.14.36121.58 d17.14
MinimumVisualStudioVersion = 10.0.40219.1
Project("{FAE04EC0-301F-11D3-BF4B-00C04F79EFBC}") = "EagerLoadingWebAPI", "EagerLoadingWebAPI.csproj", "{A9D58D81-0C44-4D23-B62D-429477BF4FCD}"
EndProject
Global
	GlobalSection(SolutionConfigurationPlatforms) = preSolution
		Debug|Any CPU = Debug|Any CPU
		Release|Any CPU = Release|Any CPU
	EndGlobalSection
	GlobalSection(ProjectConfigurationPlatforms) = postSolution
		{A9D58D81-0C44-4D23-B62D-429477BF4FCD}.Debug|Any CPU.ActiveCfg = Debug|Any CPU
		{A9D58D81-0C44-4D23-B62D-429477BF4FCD}.Debug|Any CPU.Build.0 = Debug|Any CPU
		{A9D58D81-0C44-4D23-B62D-429477BF4FCD}.Release|Any CPU.ActiveCfg = Release|Any CPU
		{A9D58D81-0C44-4D23-B62D-429477BF4FCD}.Release|Any CPU.Build.0 = Release|Any CPU
	EndGlobalSection
	GlobalSection(SolutionProperties) = preSolution
		HideSolutionNode = FALSE
	EndGlobalSection
	GlobalSection(ExtensibilityGlobals) = postSolution
		SolutionGuid = {45C3E735-386E-4775-AF01-F60D6B03EB27}
	EndGlobalSection
EndGlobal
